
Microsoft Visual Studio Solution File, Format Version 12.00
# Visual Studio Version 16
VisualStudioVersion = 16.0.31205.134
MinimumVisualStudioVersion = 10.0.40219.1
Project("{9A19103F-16F7-4668-BE54-9A1E7A4F7556}") = "WEB_953504_Kozlovski", "WEB_953504_Kozlovski.csproj", "{0562D4AA-548F-4E52-8427-E4B9919453AF}"
EndProject
Project("{9A19103F-16F7-4668-BE54-9A1E7A4F7556}") = "WEB_953504_Kozlovski.Blazor.Server", "..\WEB_953504_Kozlovski.Blazor\Server\WEB_953504_Kozlovski.Blazor.Server.csproj", "{9B337BD1-988C-4E34-B943-061E388A5BA6}"
EndProject
Project("{9A19103F-16F7-4668-BE54-9A1E7A4F7556}") = "WEB_953504_Kozlovski.Blazor.Client", "..\WEB_953504_Kozlovski.Blazor\Client\WEB_953504_Kozlovski.Blazor.Client.csproj", "{6E167FBF-BB31-4022-86D4-B3015FF3CDD3}"
EndProject
Project("{9A19103F-16F7-4668-BE54-9A1E7A4F7556}") = "WEB_953504_Kozlovski.Blazor.Shared", "..\WEB_953504_Kozlovski.Blazor\Shared\WEB_953504_Kozlovski.Blazor.Shared.csproj", "{78E95B19-615D-447C-9368-BA93AFFA76C4}"
EndProject
Global
	GlobalSection(SolutionConfigurationPlatforms) = preSolution
		Debug|Any CPU = Debug|Any CPU
		Release|Any CPU = Release|Any CPU
	EndGlobalSection
	GlobalSection(ProjectConfigurationPlatforms) = postSolution
		{0562D4AA-548F-4E52-8427-E4B9919453AF}.Debug|Any CPU.ActiveCfg = Debug|Any CPU
		{0562D4AA-548F-4E52-8427-E4B9919453AF}.Debug|Any CPU.Build.0 = Debug|Any CPU
		{0562D4AA-548F-4E52-8427-E4B9919453AF}.Release|Any CPU.ActiveCfg = Release|Any CPU
		{0562D4AA-548F-4E52-8427-E4B9919453AF}.Release|Any CPU.Build.0 = Release|Any CPU
		{9B337BD1-988C-4E34-B943-061E388A5BA6}.Debug|Any CPU.ActiveCfg = Debug|Any CPU
		{9B337BD1-988C-4E34-B943-061E388A5BA6}.Debug|Any CPU.Build.0 = Debug|Any CPU
		{9B337BD1-988C-4E34-B943-061E388A5BA6}.Release|Any CPU.ActiveCfg = Release|Any CPU
		{9B337BD1-988C-4E34-B943-061E388A5BA6}.Release|Any CPU.Build.0 = Release|Any CPU
		{6E167FBF-BB31-4022-86D4-B3015FF3CDD3}.Debug|Any CPU.ActiveCfg = Debug|Any CPU
		{6E167FBF-BB31-4022-86D4-B3015FF3CDD3}.Debug|Any CPU.Build.0 = Debug|Any CPU
		{6E167FBF-BB31-4022-86D4-B3015FF3CDD3}.Release|Any CPU.ActiveCfg = Release|Any CPU
		{6E167FBF-BB31-4022-86D4-B3015FF3CDD3}.Release|Any CPU.Build.0 = Release|Any CPU
		{78E95B19-615D-447C-9368-BA93AFFA76C4}.Debug|Any CPU.ActiveCfg = Debug|Any CPU
		{78E95B19-615D-447C-9368-BA93AFFA76C4}.Debug|Any CPU.Build.0 = Debug|Any CPU
		{78E95B19-615D-447C-9368-BA93AFFA76C4}.Release|Any CPU.ActiveCfg = Release|Any CPU
		{78E95B19-615D-447C-9368-BA93AFFA76C4}.Release|Any CPU.Build.0 = Release|Any CPU
	EndGlobalSection
	GlobalSection(SolutionProperties) = preSolution
		HideSolutionNode = FALSE
	EndGlobalSection
	GlobalSection(ExtensibilityGlobals) = postSolution
		SolutionGuid = {072E7AEE-A87B-49AF-BD40-DBA39034DD23}
	EndGlobalSection
EndGlobal
